
Microsoft Visual Studio Solution File, Format Version 12.00
# Visual Studio Version 17
VisualStudioVersion = 17.7.34221.43
MinimumVisualStudioVersion = 10.0.40219.1
Project("{9A19103F-16F7-4668-BE54-9A1E7A4F7556}") = "CL_CHRONO_USERS", "CL_CHRONO_USERS.csproj", "{1789FC0C-7ED4-420D-9059-6100A520D263}"
EndProject
Global
	GlobalSection(SolutionConfigurationPlatforms) = preSolution
		All|Any CPU = All|Any CPU
		All|ARM = All|ARM
		All|ARM64 = All|ARM64
		All|x64 = All|x64
		All|x86 = All|x86
		Debug|Any CPU = Debug|Any CPU
		Debug|ARM = Debug|ARM
		Debug|ARM64 = Debug|ARM64
		Debug|x64 = Debug|x64
		Debug|x86 = Debug|x86
		Release|Any CPU = Release|Any CPU
		Release|ARM = Release|ARM
		Release|ARM64 = Release|ARM64
		Release|x64 = Release|x64
		Release|x86 = Release|x86
	EndGlobalSection
	GlobalSection(ProjectConfigurationPlatforms) = postSolution
		{1789FC0C-7ED4-420D-9059-6100A520D263}.All|Any CPU.ActiveCfg = Release|Any CPU
		{1789FC0C-7ED4-420D-9059-6100A520D263}.All|Any CPU.Build.0 = Release|Any CPU
		{1789FC0C-7ED4-420D-9059-6100A520D263}.All|ARM.ActiveCfg = Release|Any CPU
		{1789FC0C-7ED4-420D-9059-6100A520D263}.All|ARM.Build.0 = Release|Any CPU
		{1789FC0C-7ED4-420D-9059-6100A520D263}.All|ARM64.ActiveCfg = Release|Any CPU
		{1789FC0C-7ED4-420D-9059-6100A520D263}.All|ARM64.Build.0 = Release|Any CPU
		{1789FC0C-7ED4-420D-9059-6100A520D263}.All|x64.ActiveCfg = Release|Any CPU
		{1789FC0C-7ED4-420D-9059-6100A520D263}.All|x64.Build.0 = Release|Any CPU
		{1789FC0C-7ED4-420D-9059-6100A520D263}.All|x86.ActiveCfg = Release|Any CPU
		{1789FC0C-7ED4-420D-9059-6100A520D263}.All|x86.Build.0 = Release|Any CPU
		{1789FC0C-7ED4-420D-9059-6100A520D263}.Debug|Any CPU.ActiveCfg = Debug|Any CPU
		{1789FC0C-7ED4-420D-9059-6100A520D263}.Debug|Any CPU.Build.0 = Debug|Any CPU
		{1789FC0C-7ED4-420D-9059-6100A520D263}.Debug|ARM.ActiveCfg = Debug|Any CPU
		{1789FC0C-7ED4-420D-9059-6100A520D263}.Debug|ARM.Build.0 = Debug|Any CPU
		{1789FC0C-7ED4-420D-9059-6100A520D263}.Debug|ARM64.ActiveCfg = Debug|Any CPU
		{1789FC0C-7ED4-420D-9059-6100A520D263}.Debug|ARM64.Build.0 = Debug|Any CPU
		{1789FC0C-7ED4-420D-9059-6100A520D263}.Debug|x64.ActiveCfg = Debug|Any CPU
		{1789FC0C-7ED4-420D-9059-6100A520D263}.Debug|x64.Build.0 = Debug|Any CPU
		{1789FC0C-7ED4-420D-9059-6100A520D263}.Debug|x86.ActiveCfg = Debug|Any CPU
		{1789FC0C-7ED4-420D-9059-6100A520D263}.Debug|x86.Build.0 = Debug|Any CPU
		{1789FC0C-7ED4-420D-9059-6100A520D263}.Release|Any CPU.ActiveCfg = Release|Any CPU
		{1789FC0C-7ED4-420D-9059-6100A520D263}.Release|Any CPU.Build.0 = Release|Any CPU
		{1789FC0C-7ED4-420D-9059-6100A520D263}.Release|ARM.ActiveCfg = Release|Any CPU
		{1789FC0C-7ED4-420D-9059-6100A520D263}.Release|ARM.Build.0 = Release|Any CPU
		{1789FC0C-7ED4-420D-9059-6100A520D263}.Release|ARM64.ActiveCfg = Release|Any CPU
		{1789FC0C-7ED4-420D-9059-6100A520D263}.Release|ARM64.Build.0 = Release|Any CPU
		{1789FC0C-7ED4-420D-9059-6100A520D263}.Release|x64.ActiveCfg = Release|Any CPU
		{1789FC0C-7ED4-420D-9059-6100A520D263}.Release|x64.Build.0 = Release|Any CPU
		{1789FC0C-7ED4-420D-9059-6100A520D263}.Release|x86.ActiveCfg = Release|Any CPU
		{1789FC0C-7ED4-420D-9059-6100A520D263}.Release|x86.Build.0 = Release|Any CPU
	EndGlobalSection
	GlobalSection(SolutionProperties) = preSolution
		HideSolutionNode = FALSE
	EndGlobalSection
	GlobalSection(ExtensibilityGlobals) = postSolution
		SolutionGuid = {C53B2458-D7B8-4A01-B466-76349882EE5C}
	EndGlobalSection
EndGlobal
